
Microsoft Visual Studio Solution File, Format Version 12.00
# Visual Studio Version 16
VisualStudioVersion = 16.0.30804.86
MinimumVisualStudioVersion = 10.0.40219.1
Project("{9A19103F-16F7-4668-BE54-9A1E7A4F7556}") = "CollaBoard", "CollaBoard\CollaBoard.csproj", "{5499E340-8EE6-4124-A2FB-9103539173D4}"
EndProject
Project("{9A19103F-16F7-4668-BE54-9A1E7A4F7556}") = "CollaBoard.Core", "CollaBoard.Core\CollaBoard.Core.csproj", "{22824861-F912-4699-9010-4188DB62E93C}"
EndProject
Project("{9A19103F-16F7-4668-BE54-9A1E7A4F7556}") = "CollaBoard.DAL", "CollaBoard.DAL\CollaBoard.DAL.csproj", "{0572D71A-6251-49F8-AF09-1DCEE0BF6DE5}"
EndProject
Project("{9A19103F-16F7-4668-BE54-9A1E7A4F7556}") = "CollaBoard.Test", "CollaBoard.Test\CollaBoard.Test.csproj", "{CE2D1C09-C432-4CDD-85C8-D31BAE6125BB}"
EndProject
Project("{9A19103F-16F7-4668-BE54-9A1E7A4F7556}") = "CollaBoard.RealTime", "CollaBoard.RealTime\CollaBoard.RealTime.csproj", "{2BE02C7B-8C29-49E3-94B0-CCEF14868C61}"
EndProject
Global
	GlobalSection(SolutionConfigurationPlatforms) = preSolution
		Debug|Any CPU = Debug|Any CPU
		Release|Any CPU = Release|Any CPU
	EndGlobalSection
	GlobalSection(ProjectConfigurationPlatforms) = postSolution
		{5499E340-8EE6-4124-A2FB-9103539173D4}.Debug|Any CPU.ActiveCfg = Debug|Any CPU
		{5499E340-8EE6-4124-A2FB-9103539173D4}.Debug|Any CPU.Build.0 = Debug|Any CPU
		{5499E340-8EE6-4124-A2FB-9103539173D4}.Release|Any CPU.ActiveCfg = Release|Any CPU
		{5499E340-8EE6-4124-A2FB-9103539173D4}.Release|Any CPU.Build.0 = Release|Any CPU
		{22824861-F912-4699-9010-4188DB62E93C}.Debug|Any CPU.ActiveCfg = Debug|Any CPU
		{22824861-F912-4699-9010-4188DB62E93C}.Debug|Any CPU.Build.0 = Debug|Any CPU
		{22824861-F912-4699-9010-4188DB62E93C}.Release|Any CPU.ActiveCfg = Release|Any CPU
		{22824861-F912-4699-9010-4188DB62E93C}.Release|Any CPU.Build.0 = Release|Any CPU
		{0572D71A-6251-49F8-AF09-1DCEE0BF6DE5}.Debug|Any CPU.ActiveCfg = Debug|Any CPU
		{0572D71A-6251-49F8-AF09-1DCEE0BF6DE5}.Debug|Any CPU.Build.0 = Debug|Any CPU
		{0572D71A-6251-49F8-AF09-1DCEE0BF6DE5}.Release|Any CPU.ActiveCfg = Release|Any CPU
		{0572D71A-6251-49F8-AF09-1DCEE0BF6DE5}.Release|Any CPU.Build.0 = Release|Any CPU
		{CE2D1C09-C432-4CDD-85C8-D31BAE6125BB}.Debug|Any CPU.ActiveCfg = Debug|Any CPU
		{CE2D1C09-C432-4CDD-85C8-D31BAE6125BB}.Debug|Any CPU.Build.0 = Debug|Any CPU
		{CE2D1C09-C432-4CDD-85C8-D31BAE6125BB}.Release|Any CPU.ActiveCfg = Release|Any CPU
		{CE2D1C09-C432-4CDD-85C8-D31BAE6125BB}.Release|Any CPU.Build.0 = Release|Any CPU
		{2BE02C7B-8C29-49E3-94B0-CCEF14868C61}.Debug|Any CPU.ActiveCfg = Debug|Any CPU
		{2BE02C7B-8C29-49E3-94B0-CCEF14868C61}.Debug|Any CPU.Build.0 = Debug|Any CPU
		{2BE02C7B-8C29-49E3-94B0-CCEF14868C61}.Release|Any CPU.ActiveCfg = Release|Any CPU
		{2BE02C7B-8C29-49E3-94B0-CCEF14868C61}.Release|Any CPU.Build.0 = Release|Any CPU
	EndGlobalSection
	GlobalSection(SolutionProperties) = preSolution
		HideSolutionNode = FALSE
	EndGlobalSection
	GlobalSection(ExtensibilityGlobals) = postSolution
		SolutionGuid = {8F669567-1548-40E9-B28C-F89B573F50B5}
	EndGlobalSection
EndGlobal
